
Microsoft Visual Studio Solution File, Format Version 12.00
# Visual Studio Version 17
VisualStudioVersion = 17.0.31912.275
MinimumVisualStudioVersion = 10.0.40219.1
Project("{FAE04EC0-301F-11D3-BF4B-00C04F79EFBC}") = "charwriter", "charwriter\charwriter.csproj", "{D5F5E376-0C7B-43F7-B0E6-D8FC22CFBA86}"
EndProject
Global
	GlobalSection(SolutionConfigurationPlatforms) = preSolution
		Debug|Any CPU = Debug|Any CPU
		Release|Any CPU = Release|Any CPU
	EndGlobalSection
	GlobalSection(ProjectConfigurationPlatforms) = postSolution
		{D5F5E376-0C7B-43F7-B0E6-D8FC22CFBA86}.Debug|Any CPU.ActiveCfg = Debug|Any CPU
		{D5F5E376-0C7B-43F7-B0E6-D8FC22CFBA86}.Debug|Any CPU.Build.0 = Debug|Any CPU
		{D5F5E376-0C7B-43F7-B0E6-D8FC22CFBA86}.Release|Any CPU.ActiveCfg = Release|Any CPU
		{D5F5E376-0C7B-43F7-B0E6-D8FC22CFBA86}.Release|Any CPU.Build.0 = Release|Any CPU
	EndGlobalSection
	GlobalSection(SolutionProperties) = preSolution
		HideSolutionNode = FALSE
	EndGlobalSection
	GlobalSection(ExtensibilityGlobals) = postSolution
		SolutionGuid = {709E597A-872E-43A9-938F-01FCEEC91D21}
	EndGlobalSection
EndGlobal
